// !$*UTF8*$!
{
	archiveVersion = 1;
	classes = {
	};
	objectVersion = 46;
	objects = {

/* Begin PBXBuildFile section */
		006F683A1E20D2CC00032435 /* AppDelegate.swift in Sources */ = {isa = PBXBuildFile; fileRef = 006F68391E20D2CC00032435 /* AppDelegate.swift */; };
		006F683C1E20D2CC00032435 /* ViewController.swift in Sources */ = {isa = PBXBuildFile; fileRef = 006F683B1E20D2CC00032435 /* ViewController.swift */; };
		006F683F1E20D2CC00032435 /* Main.storyboard in Resources */ = {isa = PBXBuildFile; fileRef = 006F683D1E20D2CC00032435 /* Main.storyboard */; };
		006F68421E20D2CC00032435 /* MarcandoRuta.xcdatamodeld in Sources */ = {isa = PBXBuildFile; fileRef = 006F68401E20D2CC00032435 /* MarcandoRuta.xcdatamodeld */; };
		006F68441E20D2CC00032435 /* Assets.xcassets in Resources */ = {isa = PBXBuildFile; fileRef = 006F68431E20D2CC00032435 /* Assets.xcassets */; };
		006F68471E20D2CC00032435 /* LaunchScreen.storyboard in Resources */ = {isa = PBXBuildFile; fileRef = 006F68451E20D2CC00032435 /* LaunchScreen.storyboard */; };
/* End PBXBuildFile section */

/* Begin PBXFileReference section */
		006F68361E20D2CC00032435 /* MarcandoRuta.app */ = {isa = PBXFileReference; explicitFileType = wrapper.application; includeInIndex = 0; path = MarcandoRuta.app; sourceTree = BUILT_PRODUCTS_DIR; };
		006F68391E20D2CC00032435 /* AppDelegate.swift */ = {isa = PBXFileReference; lastKnownFileType = sourcecode.swift; path = AppDelegate.swift; sourceTree = "<group>"; };
		006F683B1E20D2CC00032435 /* ViewController.swift */ = {isa = PBXFileReference; lastKnownFileType = sourcecode.swift; path = ViewController.swift; sourceTree = "<group>"; };
		006F683E1E20D2CC00032435 /* Base */ = {isa = PBXFileReference; lastKnownFileType = file.storyboard; name = Base; path = Base.lproj/Main.storyboard; sourceTree = "<group>"; };
		006F68411E20D2CC00032435 /* MarcandoRuta.xcdatamodel */ = {isa = PBXFileReference; lastKnownFileType = wrapper.xcdatamodel; path = MarcandoRuta.xcdatamodel; sourceTree = "<group>"; };
		006F68431E20D2CC00032435 /* Assets.xcassets */ = {isa = PBXFileReference; lastKnownFileType = folder.assetcatalog; path = Assets.xcassets; sourceTree = "<group>"; };
		006F68461E20D2CC00032435 /* Base */ = {isa = PBXFileReference; lastKnownFileType = file.storyboard; name = Base; path = Base.lproj/LaunchScreen.storyboard; sourceTree = "<group>"; };
		006F68481E20D2CC00032435 /* Info.plist */ = {isa = PBXFileReference; lastKnownFileType = text.plist.xml; path = Info.plist; sourceTree = "<group>"; };
/* End PBXFileReference section */

/* Begin PBXFrameworksBuildPhase section */
		006F68331E20D2CC00032435 /* Frameworks */ = {
			isa = PBXFrameworksBuildPhase;
			buildActionMask = 2147483647;
			files = (
			);
			runOnlyForDeploymentPostprocessing = 0;
		};
/* End PBXFrameworksBuildPhase section */

/* Begin PBXGroup section */
		006F682D1E20D2CC00032435 = {
			isa = PBXGroup;
			children = (
				006F68381E20D2CC00032435 /* MarcandoRuta */,
				006F68371E20D2CC00032435 /* Products */,
			);
			sourceTree = "<group>";
		};
		006F68371E20D2CC00032435 /* Products */ = {
			isa = PBXGroup;
			children = (
				006F68361E20D2CC00032435 /* MarcandoRuta.app */,
			);
			name = Products;
			sourceTree = "<group>";
		};
		006F68381E20D2CC00032435 /* MarcandoRuta */ = {
			isa = PBXGroup;
			children = (
				006F68391E20D2CC00032435 /* AppDelegate.swift */,
				006F683B1E20D2CC00032435 /* ViewController.swift */,
				006F683D1E20D2CC00032435 /* Main.storyboard */,
				006F68431E20D2CC00032435 /* Assets.xcassets */,
				006F68451E20D2CC00032435 /* LaunchScreen.storyboard */,
				006F68481E20D2CC00032435 /* Info.plist */,
				006F68401E20D2CC00032435 /* MarcandoRuta.xcdatamodeld */,
			);
			path = MarcandoRuta;
			sourceTree = "<group>";
		};
/* End PBXGroup section */

/* Begin PBXNativeTarget section */
		006F68351E20D2CC00032435 /* MarcandoRuta */ = {
			isa = PBXNativeTarget;
			buildConfigurationList = 006F684B1E20D2CC00032435 /* Build configuration list for PBXNativeTarget "MarcandoRuta" */;
			buildPhases = (
				006F68321E20D2CC00032435 /* Sources */,
				006F68331E20D2CC00032435 /* Frameworks */,
				006F68341E20D2CC00032435 /* Resources */,
			);
			buildRules = (
			);
			dependencies = (
			);
			name = MarcandoRuta;
			productName = MarcandoRuta;
			productReference = 006F68361E20D2CC00032435 /* MarcandoRuta.app */;
			productType = "com.apple.product-type.application";
		};
/* End PBXNativeTarget section */

/* Begin PBXProject section */
		006F682E1E20D2CC00032435 /* Project object */ = {
			isa = PBXProject;
			attributes = {
				LastSwiftUpdateCheck = 0820;
				LastUpgradeCheck = 0820;
				ORGANIZATIONNAME = MSR;
				TargetAttributes = {
					006F68351E20D2CC00032435 = {
						CreatedOnToolsVersion = 8.2;
						ProvisioningStyle = Automatic;
					};
				};
			};
			buildConfigurationList = 006F68311E20D2CC00032435 /* Build configuration list for PBXProject "MarcandoRuta" */;
			compatibilityVersion = "Xcode 3.2";
			developmentRegion = English;
			hasScannedForEncodings = 0;
			knownRegions = (
				en,
				Base,
			);
			mainGroup = 006F682D1E20D2CC00032435;
			productRefGroup = 006F68371E20D2CC00032435 /* Products */;
			projectDirPath = "";
			projectRoot = "";
			targets = (
				006F68351E20D2CC00032435 /* MarcandoRuta */,
			);
		};
/* End PBXProject section */

/* Begin PBXResourcesBuildPhase section */
		006F68341E20D2CC00032435 /* Resources */ = {
			isa = PBXResourcesBuildPhase;
			buildActionMask = 2147483647;
			files = (
				006F68471E20D2CC00032435 /* LaunchScreen.storyboard in Resources */,
				006F68441E20D2CC00032435 /* Assets.xcassets in Resources */,
				006F683F1E20D2CC00032435 /* Main.storyboard in Resources */,
			);
			runOnlyForDeploymentPostprocessing = 0;
		};
/* End PBXResourcesBuildPhase section */

/* Begin PBXSourcesBuildPhase section */
		006F68321E20D2CC00032435 /* Sources */ = {
			isa = PBXSourcesBuildPhase;
			buildActionMask = 2147483647;
			files = (
				006F683C1E20D2CC00032435 /* ViewController.swift in Sources */,
				006F68421E20D2CC00032435 /* MarcandoRuta.xcdatamodeld in Sources */,
				006F683A1E20D2CC00032435 /* AppDelegate.swift in Sources */,
			);
			runOnlyForDeploymentPostprocessing = 0;
		};
/* End PBXSourcesBuildPhase section */

/* Begin PBXVariantGroup section */
		006F683D1E20D2CC00032435 /* Main.storyboard */ = {
			isa = PBXVariantGroup;
			children = (
				006F683E1E20D2CC00032435 /* Base */,
			);
			name = Main.storyboard;
			sourceTree = "<group>";
		};
		006F68451E20D2CC00032435 /* LaunchScreen.storyboard */ = {
			isa = PBXVariantGroup;
			children = (
				006F68461E20D2CC00032435 /* Base */,
			);
			name = LaunchScreen.storyboard;
			sourceTree = "<group>";
		};
/* End PBXVariantGroup section */

/* Begin XCBuildConfiguration section */
		006F68491E20D2CC00032435 /* Debug */ = {
			isa = XCBuildConfiguration;
			buildSettings = {
				ALWAYS_SEARCH_USER_PATHS = NO;
				CLANG_ANALYZER_NONNULL = YES;
				CLANG_CXX_LANGUAGE_STANDARD = "gnu++0x";
				CLANG_CXX_LIBRARY = "libc++";
				CLANG_ENABLE_MODULES = YES;
				CLANG_ENABLE_OBJC_ARC = YES;
				CLANG_WARN_BOOL_CONVERSION = YES;
				CLANG_WARN_CONSTANT_CONVERSION = YES;
				CLANG_WARN_DIRECT_OBJC_ISA_USAGE = YES_ERROR;
				CLANG_WARN_DOCUMENTATION_COMMENTS = YES;
				CLANG_WARN_EMPTY_BODY = YES;
				CLANG_WARN_ENUM_CONVERSION = YES;
				CLANG_WARN_INFINITE_RECURSION = YES;
				CLANG_WARN_INT_CONVERSION = YES;
				CLANG_WARN_OBJC_ROOT_CLASS = YES_ERROR;
				CLANG_WARN_SUSPICIOUS_MOVE = YES;
				CLANG_WARN_UNREACHABLE_CODE = YES;
				CLANG_WARN__DUPLICATE_METHOD_MATCH = YES;
				"CODE_SIGN_IDENTITY[sdk=iphoneos*]" = "iPhone Developer";
				COPY_PHASE_STRIP = NO;
				DEBUG_INFORMATION_FORMAT = dwarf;
				ENABLE_STRICT_OBJC_MSGSEND = YES;
				ENABLE_TESTABILITY = YES;
				GCC_C_LANGUAGE_STANDARD = gnu99;
				GCC_DYNAMIC_NO_PIC = NO;
				GCC_NO_COMMON_BLOCKS = YES;
				GCC_OPTIMIZATION_LEVEL = 0;
				GCC_PREPROCESSOR_DEFINITIONS = (
					"DEBUG=1",
					"$(inherited)",
				);
				GCC_WARN_64_TO_32_BIT_CONVERSION = YES;
				GCC_WARN_ABOUT_RETURN_TYPE = YES_ERROR;
				GCC_WARN_UNDECLARED_SELECTOR = YES;
				GCC_WARN_UNINITIALIZED_AUTOS = YES_AGGRESSIVE;
				GCC_WARN_UNUSED_FUNCTION = YES;
				GCC_WARN_UNUSED_VARIABLE = YES;
				IPHONEOS_DEPLOYMENT_TARGET = 10.2;
				MTL_ENABLE_DEBUG_INFO = YES;
				ONLY_ACTIVE_ARCH = YES;
				SDKROOT = iphoneos;
				SWIFT_ACTIVE_COMPILATION_CONDITIONS = DEBUG;
				SWIFT_OPTIMIZATION_LEVEL = "-Onone";
			};
			name = Debug;
		};
		006F684A1E20D2CC00032435 /* Release */ = {
			isa = XCBuildConfiguration;
			buildSettings = {
				ALWAYS_SEARCH_USER_PATHS = NO;
				CLANG_ANALYZER_NONNULL = YES;
				CLANG_CXX_LANGUAGE_STANDARD = "gnu++0x";
				CLANG_CXX_LIBRARY = "libc++";
				CLANG_ENABLE_MODULES = YES;
				CLANG_ENABLE_OBJC_ARC = YES;
				CLANG_WARN_BOOL_CONVERSION = YES;
				CLANG_WARN_CONSTANT_CONVERSION = YES;
				CLANG_WARN_DIRECT_OBJC_ISA_USAGE = YES_ERROR;
				CLANG_WARN_DOCUMENTATION_COMMENTS = YES;
				CLANG_WARN_EMPTY_BODY = YES;
				CLANG_WARN_ENUM_CONVERSION = YES;
				CLANG_WARN_INFINITE_RECURSION = YES;
				CLANG_WARN_INT_CONVERSION = YES;
				CLANG_WARN_OBJC_ROOT_CLASS = YES_ERROR;
				CLANG_WARN_SUSPICIOUS_MOVE = YES;
				CLANG_WARN_UNREACHABLE_CODE = YES;
				CLANG_WARN__DUPLICATE_METHOD_MATCH = YES;
				"CODE_SIGN_IDENTITY[sdk=iphoneos*]" = "iPhone Developer";
				COPY_PHASE_STRIP = NO;
				DEBUG_INFORMATION_FORMAT = "dwarf-with-dsym";
				ENABLE_NS_ASSERTIONS = NO;
				ENABLE_STRICT_OBJC_MSGSEND = YES;
				GCC_C_LANGUAGE_STANDARD = gnu99;
				GCC_NO_COMMON_BLOCKS = YES;
				GCC_WARN_64_TO_32_BIT_CONVERSION = YES;
				GCC_WARN_ABOUT_RETURN_TYPE = YES_ERROR;
				GCC_WARN_UNDECLARED_SELECTOR = YES;
				GCC_WARN_UNINITIALIZED_AUTOS = YES_AGGRESSIVE;
				GCC_WARN_UNUSED_FUNCTION = YES;
				GCC_WARN_UNUSED_VARIABLE = YES;
				IPHONEOS_DEPLOYMENT_TARGET = 10.2;
				MTL_ENABLE_DEBUG_INFO = NO;
				SDKROOT = iphoneos;
				SWIFT_OPTIMIZATION_LEVEL = "-Owholemodule";
				VALIDATE_PRODUCT = YES;
			};
			name = Release;
		};
		006F684C1E20D2CC00032435 /* Debug */ = {
			isa = XCBuildConfiguration;
			buildSettings = {
				ASSETCATALOG_COMPILER_APPICON_NAME = AppIcon;
				INFOPLIST_FILE = MarcandoRuta/Info.plist;
				LD_RUNPATH_SEARCH_PATHS = "$(inherited) @executable_path/Frameworks";
				PRODUCT_BUNDLE_IDENTIFIER = mx.msr.MarcandoRuta;
				PRODUCT_NAME = "$(TARGET_NAME)";
				SWIFT_VERSION = 3.0;
			};
			name = Debug;
		};
		006F684D1E20D2CC00032435 /* Release */ = {
			isa = XCBuildConfiguration;
			buildSettings = {
				ASSETCATALOG_COMPILER_APPICON_NAME = AppIcon;
				INFOPLIST_FILE = MarcandoRuta/Info.plist;
				LD_RUNPATH_SEARCH_PATHS = "$(inherited) @executable_path/Frameworks";
				PRODUCT_BUNDLE_IDENTIFIER = mx.msr.MarcandoRuta;
				PRODUCT_NAME = "$(TARGET_NAME)";
				SWIFT_VERSION = 3.0;
			};
			name = Release;
		};
/* End XCBuildConfiguration section */

/* Begin XCConfigurationList section */
		006F68311E20D2CC00032435 /* Build configuration list for PBXProject "MarcandoRuta" */ = {
			isa = XCConfigurationList;
			buildConfigurations = (
				006F68491E20D2CC00032435 /* Debug */,
				006F684A1E20D2CC00032435 /* Release */,
			);
			defaultConfigurationIsVisible = 0;
			defaultConfigurationName = Release;
		};
		006F684B1E20D2CC00032435 /* Build configuration list for PBXNativeTarget "MarcandoRuta" */ = {
			isa = XCConfigurationList;
			buildConfigurations = (
				006F684C1E20D2CC00032435 /* Debug */,
				006F684D1E20D2CC00032435 /* Release */,
			);
			defaultConfigurationIsVisible = 0;
		};
/* End XCConfigurationList section */

/* Begin XCVersionGroup section */
		006F68401E20D2CC00032435 /* MarcandoRuta.xcdatamodeld */ = {
			isa = XCVersionGroup;
			children = (
				006F68411E20D2CC00032435 /* MarcandoRuta.xcdatamodel */,
			);
			currentVersion = 006F68411E20D2CC00032435 /* MarcandoRuta.xcdatamodel */;
			path = MarcandoRuta.xcdatamodeld;
			sourceTree = "<group>";
			versionGroupType = wrapper.xcdatamodel;
		};
/* End XCVersionGroup section */
	};
	rootObject = 006F682E1E20D2CC00032435 /* Project object */;
}
